
Microsoft Visual Studio Solution File, Format Version 12.00
# Visual Studio Version 17
VisualStudioVersion = 17.8.34525.116
MinimumVisualStudioVersion = 10.0.40219.1
Project("{FAE04EC0-301F-11D3-BF4B-00C04F79EFBC}") = "WebViewLocalContentWinUI3", "WebViewLocalContentWinUI3/WebViewLocalContentWinUI3.csproj", "{B99D02B8-AAE4-435F-8583-4CED5A43B591}"
EndProject
Global
	GlobalSection(SolutionConfigurationPlatforms) = preSolution
		Debug|ARM64 = Debug|ARM64
		Debug|x64 = Debug|x64
		Debug|x86 = Debug|x86
		Release|ARM64 = Release|ARM64
		Release|x64 = Release|x64
		Release|x86 = Release|x86
	EndGlobalSection
	GlobalSection(ProjectConfigurationPlatforms) = postSolution
		{B99D02B8-AAE4-435F-8583-4CED5A43B591}.Debug|ARM64.ActiveCfg = Debug|ARM64
		{B99D02B8-AAE4-435F-8583-4CED5A43B591}.Debug|ARM64.Build.0 = Debug|ARM64
		{B99D02B8-AAE4-435F-8583-4CED5A43B591}.Debug|ARM64.Deploy.0 = Debug|ARM64
		{B99D02B8-AAE4-435F-8583-4CED5A43B591}.Debug|x64.ActiveCfg = Debug|x64
		{B99D02B8-AAE4-435F-8583-4CED5A43B591}.Debug|x64.Build.0 = Debug|x64
		{B99D02B8-AAE4-435F-8583-4CED5A43B591}.Debug|x64.Deploy.0 = Debug|x64
		{B99D02B8-AAE4-435F-8583-4CED5A43B591}.Debug|x86.ActiveCfg = Debug|x86
		{B99D02B8-AAE4-435F-8583-4CED5A43B591}.Debug|x86.Build.0 = Debug|x86
		{B99D02B8-AAE4-435F-8583-4CED5A43B591}.Debug|x86.Deploy.0 = Debug|x86
		{B99D02B8-AAE4-435F-8583-4CED5A43B591}.Release|ARM64.ActiveCfg = Release|ARM64
		{B99D02B8-AAE4-435F-8583-4CED5A43B591}.Release|ARM64.Build.0 = Release|ARM64
		{B99D02B8-AAE4-435F-8583-4CED5A43B591}.Release|ARM64.Deploy.0 = Release|ARM64
		{B99D02B8-AAE4-435F-8583-4CED5A43B591}.Release|x64.ActiveCfg = Release|x64
		{B99D02B8-AAE4-435F-8583-4CED5A43B591}.Release|x64.Build.0 = Release|x64
		{B99D02B8-AAE4-435F-8583-4CED5A43B591}.Release|x64.Deploy.0 = Release|x64
		{B99D02B8-AAE4-435F-8583-4CED5A43B591}.Release|x86.ActiveCfg = Release|x86
		{B99D02B8-AAE4-435F-8583-4CED5A43B591}.Release|x86.Build.0 = Release|x86
		{B99D02B8-AAE4-435F-8583-4CED5A43B591}.Release|x86.Deploy.0 = Release|x86
	EndGlobalSection
	GlobalSection(SolutionProperties) = preSolution
		HideSolutionNode = FALSE
	EndGlobalSection
	GlobalSection(ExtensibilityGlobals) = postSolution
		SolutionGuid = {8B1B6080-8392-4FF1-ABF3-A9BE0EB9EF83}
	EndGlobalSection
EndGlobal
